
Microsoft Visual Studio Solution File, Format Version 12.00
# Visual Studio Version 16
VisualStudioVersion = 16.0.29509.3
MinimumVisualStudioVersion = 10.0.40219.1
Project("{FAE04EC0-301F-11D3-BF4B-00C04F79EFBC}") = "aspnetcompression", "aspnetcompression.csproj", "{3C334258-FA27-4CB1-96AD-A7A4789182EF}"
EndProject
Global
	GlobalSection(SolutionConfigurationPlatforms) = preSolution
		Debug|Any CPU = Debug|Any CPU
		Release|Any CPU = Release|Any CPU
	EndGlobalSection
	GlobalSection(ProjectConfigurationPlatforms) = postSolution
		{3C334258-FA27-4CB1-96AD-A7A4789182EF}.Debug|Any CPU.ActiveCfg = Debug|Any CPU
		{3C334258-FA27-4CB1-96AD-A7A4789182EF}.Debug|Any CPU.Build.0 = Debug|Any CPU
		{3C334258-FA27-4CB1-96AD-A7A4789182EF}.Release|Any CPU.ActiveCfg = Release|Any CPU
		{3C334258-FA27-4CB1-96AD-A7A4789182EF}.Release|Any CPU.Build.0 = Release|Any CPU
	EndGlobalSection
	GlobalSection(SolutionProperties) = preSolution
		HideSolutionNode = FALSE
	EndGlobalSection
	GlobalSection(ExtensibilityGlobals) = postSolution
		SolutionGuid = {3A4A6D69-F061-4005-996C-15BD81AAE419}
	EndGlobalSection
EndGlobal
